
Microsoft Visual Studio Solution File, Format Version 12.00
# Visual Studio 15
VisualStudioVersion = 15.0.28307.329
MinimumVisualStudioVersion = 10.0.40219.1
Project("{9A19103F-16F7-4668-BE54-9A1E7A4F7556}") = "Santolibre.Map.Elevation.WebService", "Santolibre.Map.Elevation.WebService\Santolibre.Map.Elevation.WebService.csproj", "{150E2567-96E2-42B6-9A24-601BC7458112}"
EndProject
Project("{FAE04EC0-301F-11D3-BF4B-00C04F79EFBC}") = "Santolibre.Map.Elevation.Lib", "Santolibre.Map.Elevation.Lib\Santolibre.Map.Elevation.Lib.csproj", "{CDA63173-2B66-448E-BC93-A111511D8F88}"
EndProject
Project("{FAE04EC0-301F-11D3-BF4B-00C04F79EFBC}") = "Santolibre.Map.Elevation.LibTest", "Santolibre.Map.Elevation.LibTest\Santolibre.Map.Elevation.LibTest.csproj", "{07F1319B-812D-44E3-9EFA-D8E7315D6DA9}"
EndProject
Global
	GlobalSection(SolutionConfigurationPlatforms) = preSolution
		Debug|Any CPU = Debug|Any CPU
		Production|Any CPU = Production|Any CPU
	EndGlobalSection
	GlobalSection(ProjectConfigurationPlatforms) = postSolution
		{150E2567-96E2-42B6-9A24-601BC7458112}.Debug|Any CPU.ActiveCfg = Debug|Any CPU
		{150E2567-96E2-42B6-9A24-601BC7458112}.Debug|Any CPU.Build.0 = Debug|Any CPU
		{150E2567-96E2-42B6-9A24-601BC7458112}.Production|Any CPU.ActiveCfg = Production|Any CPU
		{150E2567-96E2-42B6-9A24-601BC7458112}.Production|Any CPU.Build.0 = Production|Any CPU
		{CDA63173-2B66-448E-BC93-A111511D8F88}.Debug|Any CPU.ActiveCfg = Debug|Any CPU
		{CDA63173-2B66-448E-BC93-A111511D8F88}.Debug|Any CPU.Build.0 = Debug|Any CPU
		{CDA63173-2B66-448E-BC93-A111511D8F88}.Production|Any CPU.ActiveCfg = Production|Any CPU
		{CDA63173-2B66-448E-BC93-A111511D8F88}.Production|Any CPU.Build.0 = Production|Any CPU
		{07F1319B-812D-44E3-9EFA-D8E7315D6DA9}.Debug|Any CPU.ActiveCfg = Debug|Any CPU
		{07F1319B-812D-44E3-9EFA-D8E7315D6DA9}.Debug|Any CPU.Build.0 = Debug|Any CPU
		{07F1319B-812D-44E3-9EFA-D8E7315D6DA9}.Production|Any CPU.ActiveCfg = Production|Any CPU
		{07F1319B-812D-44E3-9EFA-D8E7315D6DA9}.Production|Any CPU.Build.0 = Production|Any CPU
	EndGlobalSection
	GlobalSection(SolutionProperties) = preSolution
		HideSolutionNode = FALSE
	EndGlobalSection
	GlobalSection(ExtensibilityGlobals) = postSolution
		SolutionGuid = {A76AFB03-62FA-4230-8591-5F3044524640}
	EndGlobalSection
EndGlobal
